
Microsoft Visual Studio Solution File, Format Version 12.00
# Visual Studio Version 17
VisualStudioVersion = 17.3.32819.101
MinimumVisualStudioVersion = 10.0.40219.1
Project("{888888A0-9F3D-457C-B088-3A5042F75D52}") = "sumList", "sumList.pyproj", "{F4D02397-7897-4EF2-992A-4B1CAE603FF3}"
EndProject
Global
	GlobalSection(SolutionConfigurationPlatforms) = preSolution
		Debug|Any CPU = Debug|Any CPU
		Release|Any CPU = Release|Any CPU
	EndGlobalSection
	GlobalSection(ProjectConfigurationPlatforms) = postSolution
		{F4D02397-7897-4EF2-992A-4B1CAE603FF3}.Debug|Any CPU.ActiveCfg = Debug|Any CPU
		{F4D02397-7897-4EF2-992A-4B1CAE603FF3}.Release|Any CPU.ActiveCfg = Release|Any CPU
	EndGlobalSection
	GlobalSection(SolutionProperties) = preSolution
		HideSolutionNode = FALSE
	EndGlobalSection
	GlobalSection(ExtensibilityGlobals) = postSolution
		SolutionGuid = {B4622B4A-2C7F-4287-80E5-FAD085B82F11}
	EndGlobalSection
EndGlobal
